
Microsoft Visual Studio Solution File, Format Version 12.00
# Visual Studio Version 17
VisualStudioVersion = 17.0.31903.59
MinimumVisualStudioVersion = 10.0.40219.1
Project("{2150E333-8FDC-42A3-9474-1A3956D46DE8}") = "src", "src", "{827E0CD3-B72D-47B6-A68D-7590B98EB39B}"
EndProject
Project("{FAE04EC0-301F-11D3-BF4B-00C04F79EFBC}") = "Desafio.API", "src\Desafio.API\Desafio.API.csproj", "{5F92435F-C0ED-4333-BE5E-C6CF8436D218}"
EndProject
Project("{FAE04EC0-301F-11D3-BF4B-00C04F79EFBC}") = "Desafio.Core", "src\Desafio.Core\Desafio.Core.csproj", "{7740461A-3F51-4CCF-A819-2BE875AB1799}"
EndProject
Project("{FAE04EC0-301F-11D3-BF4B-00C04F79EFBC}") = "Desafio.Infrastructure", "src\Desafio.Infrastructure\Desafio.Infrastructure.csproj", "{10C0CDB1-52F6-4D03-9E3C-A863C370ED96}"
EndProject
Project("{FAE04EC0-301F-11D3-BF4B-00C04F79EFBC}") = "Desafio.Tests", "src\Desafio.Tests\Desafio.Tests.csproj", "{9066C8A7-771A-411B-83B6-C4073AC47CAF}"
EndProject
Global
	GlobalSection(SolutionConfigurationPlatforms) = preSolution
		Debug|Any CPU = Debug|Any CPU
		Debug|x64 = Debug|x64
		Debug|x86 = Debug|x86
		Release|Any CPU = Release|Any CPU
		Release|x64 = Release|x64
		Release|x86 = Release|x86
	EndGlobalSection
	GlobalSection(ProjectConfigurationPlatforms) = postSolution
		{5F92435F-C0ED-4333-BE5E-C6CF8436D218}.Debug|Any CPU.ActiveCfg = Debug|Any CPU
		{5F92435F-C0ED-4333-BE5E-C6CF8436D218}.Debug|Any CPU.Build.0 = Debug|Any CPU
		{5F92435F-C0ED-4333-BE5E-C6CF8436D218}.Debug|x64.ActiveCfg = Debug|Any CPU
		{5F92435F-C0ED-4333-BE5E-C6CF8436D218}.Debug|x64.Build.0 = Debug|Any CPU
		{5F92435F-C0ED-4333-BE5E-C6CF8436D218}.Debug|x86.ActiveCfg = Debug|Any CPU
		{5F92435F-C0ED-4333-BE5E-C6CF8436D218}.Debug|x86.Build.0 = Debug|Any CPU
		{5F92435F-C0ED-4333-BE5E-C6CF8436D218}.Release|Any CPU.ActiveCfg = Release|Any CPU
		{5F92435F-C0ED-4333-BE5E-C6CF8436D218}.Release|Any CPU.Build.0 = Release|Any CPU
		{5F92435F-C0ED-4333-BE5E-C6CF8436D218}.Release|x64.ActiveCfg = Release|Any CPU
		{5F92435F-C0ED-4333-BE5E-C6CF8436D218}.Release|x64.Build.0 = Release|Any CPU
		{5F92435F-C0ED-4333-BE5E-C6CF8436D218}.Release|x86.ActiveCfg = Release|Any CPU
		{5F92435F-C0ED-4333-BE5E-C6CF8436D218}.Release|x86.Build.0 = Release|Any CPU
		{7740461A-3F51-4CCF-A819-2BE875AB1799}.Debug|Any CPU.ActiveCfg = Debug|Any CPU
		{7740461A-3F51-4CCF-A819-2BE875AB1799}.Debug|Any CPU.Build.0 = Debug|Any CPU
		{7740461A-3F51-4CCF-A819-2BE875AB1799}.Debug|x64.ActiveCfg = Debug|Any CPU
		{7740461A-3F51-4CCF-A819-2BE875AB1799}.Debug|x64.Build.0 = Debug|Any CPU
		{7740461A-3F51-4CCF-A819-2BE875AB1799}.Debug|x86.ActiveCfg = Debug|Any CPU
		{7740461A-3F51-4CCF-A819-2BE875AB1799}.Debug|x86.Build.0 = Debug|Any CPU
		{7740461A-3F51-4CCF-A819-2BE875AB1799}.Release|Any CPU.ActiveCfg = Release|Any CPU
		{7740461A-3F51-4CCF-A819-2BE875AB1799}.Release|Any CPU.Build.0 = Release|Any CPU
		{7740461A-3F51-4CCF-A819-2BE875AB1799}.Release|x64.ActiveCfg = Release|Any CPU
		{7740461A-3F51-4CCF-A819-2BE875AB1799}.Release|x64.Build.0 = Release|Any CPU
		{7740461A-3F51-4CCF-A819-2BE875AB1799}.Release|x86.ActiveCfg = Release|Any CPU
		{7740461A-3F51-4CCF-A819-2BE875AB1799}.Release|x86.Build.0 = Release|Any CPU
		{10C0CDB1-52F6-4D03-9E3C-A863C370ED96}.Debug|Any CPU.ActiveCfg = Debug|Any CPU
		{10C0CDB1-52F6-4D03-9E3C-A863C370ED96}.Debug|Any CPU.Build.0 = Debug|Any CPU
		{10C0CDB1-52F6-4D03-9E3C-A863C370ED96}.Debug|x64.ActiveCfg = Debug|Any CPU
		{10C0CDB1-52F6-4D03-9E3C-A863C370ED96}.Debug|x64.Build.0 = Debug|Any CPU
		{10C0CDB1-52F6-4D03-9E3C-A863C370ED96}.Debug|x86.ActiveCfg = Debug|Any CPU
		{10C0CDB1-52F6-4D03-9E3C-A863C370ED96}.Debug|x86.Build.0 = Debug|Any CPU
		{10C0CDB1-52F6-4D03-9E3C-A863C370ED96}.Release|Any CPU.ActiveCfg = Release|Any CPU
		{10C0CDB1-52F6-4D03-9E3C-A863C370ED96}.Release|Any CPU.Build.0 = Release|Any CPU
		{10C0CDB1-52F6-4D03-9E3C-A863C370ED96}.Release|x64.ActiveCfg = Release|Any CPU
		{10C0CDB1-52F6-4D03-9E3C-A863C370ED96}.Release|x64.Build.0 = Release|Any CPU
		{10C0CDB1-52F6-4D03-9E3C-A863C370ED96}.Release|x86.ActiveCfg = Release|Any CPU
		{10C0CDB1-52F6-4D03-9E3C-A863C370ED96}.Release|x86.Build.0 = Release|Any CPU
		{9066C8A7-771A-411B-83B6-C4073AC47CAF}.Debug|Any CPU.ActiveCfg = Debug|Any CPU
		{9066C8A7-771A-411B-83B6-C4073AC47CAF}.Debug|Any CPU.Build.0 = Debug|Any CPU
		{9066C8A7-771A-411B-83B6-C4073AC47CAF}.Debug|x64.ActiveCfg = Debug|Any CPU
		{9066C8A7-771A-411B-83B6-C4073AC47CAF}.Debug|x64.Build.0 = Debug|Any CPU
		{9066C8A7-771A-411B-83B6-C4073AC47CAF}.Debug|x86.ActiveCfg = Debug|Any CPU
		{9066C8A7-771A-411B-83B6-C4073AC47CAF}.Debug|x86.Build.0 = Debug|Any CPU
		{9066C8A7-771A-411B-83B6-C4073AC47CAF}.Release|Any CPU.ActiveCfg = Release|Any CPU
		{9066C8A7-771A-411B-83B6-C4073AC47CAF}.Release|Any CPU.Build.0 = Release|Any CPU
		{9066C8A7-771A-411B-83B6-C4073AC47CAF}.Release|x64.ActiveCfg = Release|Any CPU
		{9066C8A7-771A-411B-83B6-C4073AC47CAF}.Release|x64.Build.0 = Release|Any CPU
		{9066C8A7-771A-411B-83B6-C4073AC47CAF}.Release|x86.ActiveCfg = Release|Any CPU
		{9066C8A7-771A-411B-83B6-C4073AC47CAF}.Release|x86.Build.0 = Release|Any CPU
	EndGlobalSection
	GlobalSection(SolutionProperties) = preSolution
		HideSolutionNode = FALSE
	EndGlobalSection
	GlobalSection(NestedProjects) = preSolution
		{5F92435F-C0ED-4333-BE5E-C6CF8436D218} = {827E0CD3-B72D-47B6-A68D-7590B98EB39B}
		{7740461A-3F51-4CCF-A819-2BE875AB1799} = {827E0CD3-B72D-47B6-A68D-7590B98EB39B}
		{10C0CDB1-52F6-4D03-9E3C-A863C370ED96} = {827E0CD3-B72D-47B6-A68D-7590B98EB39B}
		{9066C8A7-771A-411B-83B6-C4073AC47CAF} = {827E0CD3-B72D-47B6-A68D-7590B98EB39B}
	EndGlobalSection
EndGlobal
